// !$*UTF8*$!
{
	archiveVersion = 1;
	classes = {
	};
	objectVersion = 46;
	objects = {

/* Begin PBXBuildFile section */
		99349C8E17FAD182005D8BB6 /* Icon29.png in Resources */ = {isa = PBXBuildFile; fileRef = 99349C8A17FAD182005D8BB6 /* Icon29.png */; };
		99349C8F17FAD182005D8BB6 /* Icon58@2x.png in Resources */ = {isa = PBXBuildFile; fileRef = 99349C8B17FAD182005D8BB6 /* Icon58@2x.png */; };
		99349C9017FAD182005D8BB6 /* Icon80@2x.png in Resources */ = {isa = PBXBuildFile; fileRef = 99349C8C17FAD182005D8BB6 /* Icon80@2x.png */; };
		99349C9117FAD182005D8BB6 /* Icon120@2x.png in Resources */ = {isa = PBXBuildFile; fileRef = 99349C8D17FAD182005D8BB6 /* Icon120@2x.png */; };
		FF1E910A1744F0FE001908B3 /* iPhone.storyboard in Sources */ = {isa = PBXBuildFile; fileRef = FFCC59271743994D006F3673 /* iPhone.storyboard */; };
		FF9BF4AE1743923E008A3147 /* UIKit.framework in Frameworks */ = {isa = PBXBuildFile; fileRef = FF9BF4AD1743923E008A3147 /* UIKit.framework */; };
		FF9BF4B01743923E008A3147 /* Foundation.framework in Frameworks */ = {isa = PBXBuildFile; fileRef = FF9BF4AF1743923E008A3147 /* Foundation.framework */; };
		FF9BF4B21743923E008A3147 /* CoreGraphics.framework in Frameworks */ = {isa = PBXBuildFile; fileRef = FF9BF4B11743923E008A3147 /* CoreGraphics.framework */; };
		FF9BF4B81743923E008A3147 /* InfoPlist.strings in Resources */ = {isa = PBXBuildFile; fileRef = FF9BF4B61743923E008A3147 /* InfoPlist.strings */; };
		FF9BF4BA1743923E008A3147 /* main.m in Sources */ = {isa = PBXBuildFile; fileRef = FF9BF4B91743923E008A3147 /* main.m */; };
		FF9BF4BE1743923E008A3147 /* AppDelegate.m in Sources */ = {isa = PBXBuildFile; fileRef = FF9BF4BD1743923E008A3147 /* AppDelegate.m */; };
		FF9BF4D21743923E008A3147 /* SenTestingKit.framework in Frameworks */ = {isa = PBXBuildFile; fileRef = FF9BF4D11743923E008A3147 /* SenTestingKit.framework */; };
		FF9BF4D31743923E008A3147 /* UIKit.framework in Frameworks */ = {isa = PBXBuildFile; fileRef = FF9BF4AD1743923E008A3147 /* UIKit.framework */; };
		FF9BF4D41743923E008A3147 /* Foundation.framework in Frameworks */ = {isa = PBXBuildFile; fileRef = FF9BF4AF1743923E008A3147 /* Foundation.framework */; };
		FF9BF4DC1743923E008A3147 /* InfoPlist.strings in Resources */ = {isa = PBXBuildFile; fileRef = FF9BF4DA1743923E008A3147 /* InfoPlist.strings */; };
		FF9BF4DF1743923E008A3147 /* APPNAMETests.m in Sources */ = {isa = PBXBuildFile; fileRef = FF9BF4DE1743923E008A3147 /* APPNAMETests.m */; };
		FFCC5924174397D0006F3673 /* Default-568h@2x.png in Resources */ = {isa = PBXBuildFile; fileRef = FFCC5921174397D0006F3673 /* Default-568h@2x.png */; };
		FFCC5925174397D0006F3673 /* Default.png in Resources */ = {isa = PBXBuildFile; fileRef = FFCC5922174397D0006F3673 /* Default.png */; };
		FFCC5926174397D0006F3673 /* Default@2x.png in Resources */ = {isa = PBXBuildFile; fileRef = FFCC5923174397D0006F3673 /* Default@2x.png */; };
		FFCC59281743994D006F3673 /* iPhone.storyboard in Resources */ = {isa = PBXBuildFile; fileRef = FFCC59271743994D006F3673 /* iPhone.storyboard */; };
		FFCC592F174399BD006F3673 /* Icon.png in Resources */ = {isa = PBXBuildFile; fileRef = FFCC592D174399BD006F3673 /* Icon.png */; };
		FFCC5930174399BD006F3673 /* Icon@2x.png in Resources */ = {isa = PBXBuildFile; fileRef = FFCC592E174399BD006F3673 /* Icon@2x.png */; };
/* End PBXBuildFile section */

/* Begin PBXContainerItemProxy section */
		FF9BF4D51743923E008A3147 /* PBXContainerItemProxy */ = {
			isa = PBXContainerItemProxy;
			containerPortal = FF9BF4A21743923E008A3147 /* Project object */;
			proxyType = 1;
			remoteGlobalIDString = FF9BF4A91743923E008A3147;
			remoteInfo = App;
		};
/* End PBXContainerItemProxy section */

/* Begin PBXFileReference section */
		99349C8A17FAD182005D8BB6 /* Icon29.png */ = {isa = PBXFileReference; lastKnownFileType = image.png; path = Icon29.png; sourceTree = "<group>"; };
		99349C8B17FAD182005D8BB6 /* Icon58@2x.png */ = {isa = PBXFileReference; lastKnownFileType = image.png; path = "Icon58@2x.png"; sourceTree = "<group>"; };
		99349C8C17FAD182005D8BB6 /* Icon80@2x.png */ = {isa = PBXFileReference; lastKnownFileType = image.png; path = "Icon80@2x.png"; sourceTree = "<group>"; };
		99349C8D17FAD182005D8BB6 /* Icon120@2x.png */ = {isa = PBXFileReference; lastKnownFileType = image.png; path = "Icon120@2x.png"; sourceTree = "<group>"; };
		FF9BF4AA1743923E008A3147 /* APPNAME.app */ = {isa = PBXFileReference; explicitFileType = wrapper.application; includeInIndex = 0; path = APPNAME.app; sourceTree = BUILT_PRODUCTS_DIR; };
		FF9BF4AD1743923E008A3147 /* UIKit.framework */ = {isa = PBXFileReference; lastKnownFileType = wrapper.framework; name = UIKit.framework; path = System/Library/Frameworks/UIKit.framework; sourceTree = SDKROOT; };
		FF9BF4AF1743923E008A3147 /* Foundation.framework */ = {isa = PBXFileReference; lastKnownFileType = wrapper.framework; name = Foundation.framework; path = System/Library/Frameworks/Foundation.framework; sourceTree = SDKROOT; };
		FF9BF4B11743923E008A3147 /* CoreGraphics.framework */ = {isa = PBXFileReference; lastKnownFileType = wrapper.framework; name = CoreGraphics.framework; path = System/Library/Frameworks/CoreGraphics.framework; sourceTree = SDKROOT; };
		FF9BF4B51743923E008A3147 /* APPNAME-Info.plist */ = {isa = PBXFileReference; lastKnownFileType = text.plist.xml; path = "APPNAME-Info.plist"; sourceTree = "<group>"; };
		FF9BF4B71743923E008A3147 /* en */ = {isa = PBXFileReference; lastKnownFileType = text.plist.strings; name = en; path = en.lproj/InfoPlist.strings; sourceTree = "<group>"; };
		FF9BF4B91743923E008A3147 /* main.m */ = {isa = PBXFileReference; lastKnownFileType = sourcecode.c.objc; path = main.m; sourceTree = "<group>"; };
		FF9BF4BB1743923E008A3147 /* APPNAME-Prefix.pch */ = {isa = PBXFileReference; lastKnownFileType = sourcecode.c.h; path = "APPNAME-Prefix.pch"; sourceTree = "<group>"; };
		FF9BF4BC1743923E008A3147 /* AppDelegate.h */ = {isa = PBXFileReference; lastKnownFileType = sourcecode.c.h; path = AppDelegate.h; sourceTree = "<group>"; tabWidth = 4; };
		FF9BF4BD1743923E008A3147 /* AppDelegate.m */ = {isa = PBXFileReference; indentWidth = 4; lastKnownFileType = sourcecode.c.objc; path = AppDelegate.m; sourceTree = "<group>"; tabWidth = 4; };
		FF9BF4D01743923E008A3147 /* APPNAMETests.octest */ = {isa = PBXFileReference; explicitFileType = wrapper.cfbundle; includeInIndex = 0; path = APPNAMETests.octest; sourceTree = BUILT_PRODUCTS_DIR; };
		FF9BF4D11743923E008A3147 /* SenTestingKit.framework */ = {isa = PBXFileReference; lastKnownFileType = wrapper.framework; name = SenTestingKit.framework; path = Library/Frameworks/SenTestingKit.framework; sourceTree = DEVELOPER_DIR; };
		FF9BF4D91743923E008A3147 /* APPNAMETests-Info.plist */ = {isa = PBXFileReference; lastKnownFileType = text.plist.xml; path = "APPNAMETests-Info.plist"; sourceTree = "<group>"; };
		FF9BF4DB1743923E008A3147 /* en */ = {isa = PBXFileReference; lastKnownFileType = text.plist.strings; name = en; path = en.lproj/InfoPlist.strings; sourceTree = "<group>"; };
		FF9BF4DD1743923E008A3147 /* APPNAMETests.h */ = {isa = PBXFileReference; lastKnownFileType = sourcecode.c.h; path = APPNAMETests.h; sourceTree = "<group>"; };
		FF9BF4DE1743923E008A3147 /* APPNAMETests.m */ = {isa = PBXFileReference; lastKnownFileType = sourcecode.c.objc; path = APPNAMETests.m; sourceTree = "<group>"; };
		FFCC5921174397D0006F3673 /* Default-568h@2x.png */ = {isa = PBXFileReference; lastKnownFileType = image.png; path = "Default-568h@2x.png"; sourceTree = "<group>"; };
		FFCC5922174397D0006F3673 /* Default.png */ = {isa = PBXFileReference; lastKnownFileType = image.png; path = Default.png; sourceTree = "<group>"; };
		FFCC5923174397D0006F3673 /* Default@2x.png */ = {isa = PBXFileReference; lastKnownFileType = image.png; path = "Default@2x.png"; sourceTree = "<group>"; };
		FFCC59271743994D006F3673 /* iPhone.storyboard */ = {isa = PBXFileReference; fileEncoding = 4; lastKnownFileType = file.storyboard; path = iPhone.storyboard; sourceTree = "<group>"; };
		FFCC592D174399BD006F3673 /* Icon.png */ = {isa = PBXFileReference; lastKnownFileType = image.png; name = Icon.png; path = APPNAME/Resources/Assets/Images/Icon/Icon.png; sourceTree = SOURCE_ROOT; };
		FFCC592E174399BD006F3673 /* Icon@2x.png */ = {isa = PBXFileReference; lastKnownFileType = image.png; name = "Icon@2x.png"; path = "APPNAME/Resources/Assets/Images/Icon/Icon@2x.png"; sourceTree = SOURCE_ROOT; };
/* End PBXFileReference section */

/* Begin PBXFrameworksBuildPhase section */
		FF9BF4A71743923E008A3147 /* Frameworks */ = {
			isa = PBXFrameworksBuildPhase;
			buildActionMask = 2147483647;
			files = (
				FF9BF4AE1743923E008A3147 /* UIKit.framework in Frameworks */,
				FF9BF4B01743923E008A3147 /* Foundation.framework in Frameworks */,
				FF9BF4B21743923E008A3147 /* CoreGraphics.framework in Frameworks */,
			);
			runOnlyForDeploymentPostprocessing = 0;
		};
		FF9BF4CC1743923E008A3147 /* Frameworks */ = {
			isa = PBXFrameworksBuildPhase;
			buildActionMask = 2147483647;
			files = (
				FF9BF4D21743923E008A3147 /* SenTestingKit.framework in Frameworks */,
				FF9BF4D31743923E008A3147 /* UIKit.framework in Frameworks */,
				FF9BF4D41743923E008A3147 /* Foundation.framework in Frameworks */,
			);
			runOnlyForDeploymentPostprocessing = 0;
		};
/* End PBXFrameworksBuildPhase section */

/* Begin PBXGroup section */
		FF9BF4A11743923E008A3147 = {
			isa = PBXGroup;
			children = (
				FF9BF4B31743923E008A3147 /* APPNAME */,
				FF9BF4D71743923E008A3147 /* APPNAMETests */,
				FF9BF4AC1743923E008A3147 /* Frameworks */,
				FF9BF4AB1743923E008A3147 /* Products */,
			);
			sourceTree = "<group>";
		};
		FF9BF4AB1743923E008A3147 /* Products */ = {
			isa = PBXGroup;
			children = (
				FF9BF4AA1743923E008A3147 /* APPNAME.app */,
				FF9BF4D01743923E008A3147 /* APPNAMETests.octest */,
			);
			name = Products;
			sourceTree = "<group>";
		};
		FF9BF4AC1743923E008A3147 /* Frameworks */ = {
			isa = PBXGroup;
			children = (
				FF9BF4AD1743923E008A3147 /* UIKit.framework */,
				FF9BF4AF1743923E008A3147 /* Foundation.framework */,
				FF9BF4B11743923E008A3147 /* CoreGraphics.framework */,
				FF9BF4D11743923E008A3147 /* SenTestingKit.framework */,
			);
			name = Frameworks;
			sourceTree = "<group>";
		};
		FF9BF4B31743923E008A3147 /* APPNAME */ = {
			isa = PBXGroup;
			children = (
				FF9BF4BC1743923E008A3147 /* AppDelegate.h */,
				FF9BF4BD1743923E008A3147 /* AppDelegate.m */,
				FFCC590F1743956C006F3673 /* App */,
				FFCC590E17439563006F3673 /* Models */,
				FFCC590D17439559006F3673 /* Views */,
				FFCC590C17439553006F3673 /* Controllers */,
				FFCC5912174395A7006F3673 /* Lib */,
				FFCC5911174395A1006F3673 /* Vendor */,
				FFDF64C5174635B600012FFE /* Build */,
				FFCC591617439698006F3673 /* Resources */,
				FF9BF4B41743923E008A3147 /* Supporting Files */,
			);
			path = APPNAME;
			sourceTree = "<group>";
		};
		FF9BF4B41743923E008A3147 /* Supporting Files */ = {
			isa = PBXGroup;
			children = (
				FF9BF4B51743923E008A3147 /* APPNAME-Info.plist */,
				FF9BF4B61743923E008A3147 /* InfoPlist.strings */,
				FF9BF4B91743923E008A3147 /* main.m */,
				FF9BF4BB1743923E008A3147 /* APPNAME-Prefix.pch */,
			);
			name = "Supporting Files";
			path = SupportingFiles;
			sourceTree = "<group>";
		};
		FF9BF4D71743923E008A3147 /* APPNAMETests */ = {
			isa = PBXGroup;
			children = (
				FF9BF4DD1743923E008A3147 /* APPNAMETests.h */,
				FF9BF4DE1743923E008A3147 /* APPNAMETests.m */,
				FFDF64CC17465A3C00012FFE /* App */,
				FFDF64CB17465A3A00012FFE /* Models */,
				FFDF64CA17465A3800012FFE /* Views */,
				FFDF64C917465A3600012FFE /* Controllers */,
				FF9BF4D81743923E008A3147 /* Supporting Files */,
			);
			path = APPNAMETests;
			sourceTree = "<group>";
		};
		FF9BF4D81743923E008A3147 /* Supporting Files */ = {
			isa = PBXGroup;
			children = (
				FF9BF4D91743923E008A3147 /* APPNAMETests-Info.plist */,
				FF9BF4DA1743923E008A3147 /* InfoPlist.strings */,
			);
			name = "Supporting Files";
			path = SupportingFiles;
			sourceTree = "<group>";
		};
		FFCC590C17439553006F3673 /* Controllers */ = {
			isa = PBXGroup;
			children = (
			);
			path = Controllers;
			sourceTree = "<group>";
		};
		FFCC590D17439559006F3673 /* Views */ = {
			isa = PBXGroup;
			children = (
				FFCC593117439A06006F3673 /* Storyboard */,
			);
			path = Views;
			sourceTree = "<group>";
		};
		FFCC590E17439563006F3673 /* Models */ = {
			isa = PBXGroup;
			children = (
			);
			path = Models;
			sourceTree = "<group>";
		};
		FFCC590F1743956C006F3673 /* App */ = {
			isa = PBXGroup;
			children = (
			);
			path = App;
			sourceTree = "<group>";
		};
		FFCC5911174395A1006F3673 /* Vendor */ = {
			isa = PBXGroup;
			children = (
			);
			path = Vendor;
			sourceTree = "<group>";
		};
		FFCC5912174395A7006F3673 /* Lib */ = {
			isa = PBXGroup;
			children = (
			);
			path = Lib;
			sourceTree = "<group>";
		};
		FFCC591417439663006F3673 /* Assets */ = {
			isa = PBXGroup;
			children = (
				FFCC591517439678006F3673 /* Images */,
				FFCC591A174396B6006F3673 /* Sound */,
				FFCC5918174396A7006F3673 /* Video */,
			);
			path = Assets;
			sourceTree = "<group>";
		};
		FFCC591517439678006F3673 /* Images */ = {
			isa = PBXGroup;
			children = (
				FFCC591B174396DF006F3673 /* Icon */,
				FFCC591C174396E5006F3673 /* Default */,
			);
			path = Images;
			sourceTree = "<group>";
		};
		FFCC591617439698006F3673 /* Resources */ = {
			isa = PBXGroup;
			children = (
				FFCC591417439663006F3673 /* Assets */,
				FFCC5917174396A0006F3673 /* Data */,
			);
			path = Resources;
			sourceTree = "<group>";
		};
		FFCC5917174396A0006F3673 /* Data */ = {
			isa = PBXGroup;
			children = (
			);
			path = Data;
			sourceTree = "<group>";
		};
		FFCC5918174396A7006F3673 /* Video */ = {
			isa = PBXGroup;
			children = (
			);
			path = Video;
			sourceTree = "<group>";
		};
		FFCC591A174396B6006F3673 /* Sound */ = {
			isa = PBXGroup;
			children = (
			);
			path = Sound;
			sourceTree = "<group>";
		};
		FFCC591B174396DF006F3673 /* Icon */ = {
			isa = PBXGroup;
			children = (
				FFCC592D174399BD006F3673 /* Icon.png */,
				FFCC592E174399BD006F3673 /* Icon@2x.png */,
				99349C8A17FAD182005D8BB6 /* Icon29.png */,
				99349C8B17FAD182005D8BB6 /* Icon58@2x.png */,
				99349C8C17FAD182005D8BB6 /* Icon80@2x.png */,
				99349C8D17FAD182005D8BB6 /* Icon120@2x.png */,
			);
			path = Icon;
			sourceTree = "<group>";
		};
		FFCC591C174396E5006F3673 /* Default */ = {
			isa = PBXGroup;
			children = (
				FFCC5921174397D0006F3673 /* Default-568h@2x.png */,
				FFCC5922174397D0006F3673 /* Default.png */,
				FFCC5923174397D0006F3673 /* Default@2x.png */,
			);
			name = Default;
			path = APPNAME/Resources/Assets/Images/Default;
			sourceTree = SOURCE_ROOT;
		};
		FFCC593117439A06006F3673 /* Storyboard */ = {
			isa = PBXGroup;
			children = (
				FFCC59271743994D006F3673 /* iPhone.storyboard */,
			);
			name = Storyboard;
			sourceTree = "<group>";
		};
		FFDF64C5174635B600012FFE /* Build */ = {
			isa = PBXGroup;
			children = (
			);
			path = Build;
			sourceTree = "<group>";
		};
		FFDF64C917465A3600012FFE /* Controllers */ = {
			isa = PBXGroup;
			children = (
			);
			path = Controllers;
			sourceTree = "<group>";
		};
		FFDF64CA17465A3800012FFE /* Views */ = {
			isa = PBXGroup;
			children = (
			);
			path = Views;
			sourceTree = "<group>";
		};
		FFDF64CB17465A3A00012FFE /* Models */ = {
			isa = PBXGroup;
			children = (
			);
			path = Models;
			sourceTree = "<group>";
		};
		FFDF64CC17465A3C00012FFE /* App */ = {
			isa = PBXGroup;
			children = (
			);
			path = App;
			sourceTree = "<group>";
		};
/* End PBXGroup section */

/* Begin PBXNativeTarget section */
		FF9BF4A91743923E008A3147 /* APPNAME */ = {
			isa = PBXNativeTarget;
			buildConfigurationList = FF9BF4E21743923F008A3147 /* Build configuration list for PBXNativeTarget "APPNAME" */;
			buildPhases = (
				FF9BF4A61743923E008A3147 /* Sources */,
				FF9BF4A71743923E008A3147 /* Frameworks */,
				FF9BF4A81743923E008A3147 /* Resources */,
			);
			buildRules = (
			);
			dependencies = (
			);
			name = APPNAME;
			productName = App;
			productReference = FF9BF4AA1743923E008A3147 /* APPNAME.app */;
			productType = "com.apple.product-type.application";
		};
		FF9BF4CF1743923E008A3147 /* APPNAMETests */ = {
			isa = PBXNativeTarget;
			buildConfigurationList = FF9BF4E51743923F008A3147 /* Build configuration list for PBXNativeTarget "APPNAMETests" */;
			buildPhases = (
				FF9BF4CB1743923E008A3147 /* Sources */,
				FF9BF4CC1743923E008A3147 /* Frameworks */,
				FF9BF4CD1743923E008A3147 /* Resources */,
				FF9BF4CE1743923E008A3147 /* ShellScript */,
			);
			buildRules = (
			);
			dependencies = (
				FF9BF4D61743923E008A3147 /* PBXTargetDependency */,
			);
			name = APPNAMETests;
			productName = AppTests;
			productReference = FF9BF4D01743923E008A3147 /* APPNAMETests.octest */;
			productType = "com.apple.product-type.bundle";
		};
/* End PBXNativeTarget section */

/* Begin PBXProject section */
		FF9BF4A21743923E008A3147 /* Project object */ = {
			isa = PBXProject;
			attributes = {
				LastUpgradeCheck = 0460;
				ORGANIZATIONNAME = APPNAME;
			};
			buildConfigurationList = FF9BF4A51743923E008A3147 /* Build configuration list for PBXProject "APPNAME" */;
			compatibilityVersion = "Xcode 3.2";
			developmentRegion = English;
			hasScannedForEncodings = 0;
			knownRegions = (
				en,
			);
			mainGroup = FF9BF4A11743923E008A3147;
			productRefGroup = FF9BF4AB1743923E008A3147 /* Products */;
			projectDirPath = "";
			projectRoot = "";
			targets = (
				FF9BF4A91743923E008A3147 /* APPNAME */,
				FF9BF4CF1743923E008A3147 /* APPNAMETests */,
			);
		};
/* End PBXProject section */

/* Begin PBXResourcesBuildPhase section */
		FF9BF4A81743923E008A3147 /* Resources */ = {
			isa = PBXResourcesBuildPhase;
			buildActionMask = 2147483647;
			files = (
				99349C9117FAD182005D8BB6 /* Icon120@2x.png in Resources */,
				FF9BF4B81743923E008A3147 /* InfoPlist.strings in Resources */,
				99349C8E17FAD182005D8BB6 /* Icon29.png in Resources */,
				FFCC5924174397D0006F3673 /* Default-568h@2x.png in Resources */,
				FFCC5925174397D0006F3673 /* Default.png in Resources */,
				FFCC5926174397D0006F3673 /* Default@2x.png in Resources */,
				FFCC59281743994D006F3673 /* iPhone.storyboard in Resources */,
				FFCC592F174399BD006F3673 /* Icon.png in Resources */,
				99349C9017FAD182005D8BB6 /* Icon80@2x.png in Resources */,
				FFCC5930174399BD006F3673 /* Icon@2x.png in Resources */,
				99349C8F17FAD182005D8BB6 /* Icon58@2x.png in Resources */,
			);
			runOnlyForDeploymentPostprocessing = 0;
		};
		FF9BF4CD1743923E008A3147 /* Resources */ = {
			isa = PBXResourcesBuildPhase;
			buildActionMask = 2147483647;
			files = (
				FF9BF4DC1743923E008A3147 /* InfoPlist.strings in Resources */,
			);
			runOnlyForDeploymentPostprocessing = 0;
		};
/* End PBXResourcesBuildPhase section */

/* Begin PBXShellScriptBuildPhase section */
		FF9BF4CE1743923E008A3147 /* ShellScript */ = {
			isa = PBXShellScriptBuildPhase;
			buildActionMask = 2147483647;
			files = (
			);
			inputPaths = (
			);
			outputPaths = (
			);
			runOnlyForDeploymentPostprocessing = 0;
			shellPath = /bin/sh;
			shellScript = "# Run the unit tests in this test bundle.\n# \"${SYSTEM_DEVELOPER_DIR}/Tools/RunUnitTests\"\n";
		};
/* End PBXShellScriptBuildPhase section */

/* Begin PBXSourcesBuildPhase section */
		FF9BF4A61743923E008A3147 /* Sources */ = {
			isa = PBXSourcesBuildPhase;
			buildActionMask = 2147483647;
			files = (
				FF1E910A1744F0FE001908B3 /* iPhone.storyboard in Sources */,
				FF9BF4BA1743923E008A3147 /* main.m in Sources */,
				FF9BF4BE1743923E008A3147 /* AppDelegate.m in Sources */,
			);
			runOnlyForDeploymentPostprocessing = 0;
		};
		FF9BF4CB1743923E008A3147 /* Sources */ = {
			isa = PBXSourcesBuildPhase;
			buildActionMask = 2147483647;
			files = (
				FF9BF4DF1743923E008A3147 /* APPNAMETests.m in Sources */,
			);
			runOnlyForDeploymentPostprocessing = 0;
		};
/* End PBXSourcesBuildPhase section */

/* Begin PBXTargetDependency section */
		FF9BF4D61743923E008A3147 /* PBXTargetDependency */ = {
			isa = PBXTargetDependency;
			target = FF9BF4A91743923E008A3147 /* APPNAME */;
			targetProxy = FF9BF4D51743923E008A3147 /* PBXContainerItemProxy */;
		};
/* End PBXTargetDependency section */

/* Begin PBXVariantGroup section */
		FF9BF4B61743923E008A3147 /* InfoPlist.strings */ = {
			isa = PBXVariantGroup;
			children = (
				FF9BF4B71743923E008A3147 /* en */,
			);
			name = InfoPlist.strings;
			sourceTree = "<group>";
		};
		FF9BF4DA1743923E008A3147 /* InfoPlist.strings */ = {
			isa = PBXVariantGroup;
			children = (
				FF9BF4DB1743923E008A3147 /* en */,
			);
			name = InfoPlist.strings;
			sourceTree = "<group>";
		};
/* End PBXVariantGroup section */

/* Begin XCBuildConfiguration section */
		FF9BF4E01743923E008A3147 /* Debug */ = {
			isa = XCBuildConfiguration;
			buildSettings = {
				ALWAYS_SEARCH_USER_PATHS = NO;
				CLANG_CXX_LANGUAGE_STANDARD = "gnu++0x";
				CLANG_CXX_LIBRARY = "libc++";
				CLANG_ENABLE_OBJC_ARC = YES;
				CLANG_WARN_CONSTANT_CONVERSION = YES;
				CLANG_WARN_EMPTY_BODY = YES;
				CLANG_WARN_ENUM_CONVERSION = YES;
				CLANG_WARN_INT_CONVERSION = YES;
				CLANG_WARN__DUPLICATE_METHOD_MATCH = YES;
				"CODE_SIGN_IDENTITY[sdk=iphoneos*]" = "iPhone Developer";
				COPY_PHASE_STRIP = NO;
				GCC_C_LANGUAGE_STANDARD = gnu99;
				GCC_DYNAMIC_NO_PIC = NO;
				GCC_OPTIMIZATION_LEVEL = 0;
				GCC_PREPROCESSOR_DEFINITIONS = (
					"DEBUG=1",
					"$(inherited)",
				);
				GCC_SYMBOLS_PRIVATE_EXTERN = NO;
				GCC_WARN_ABOUT_RETURN_TYPE = YES;
				GCC_WARN_UNINITIALIZED_AUTOS = YES;
				GCC_WARN_UNUSED_VARIABLE = YES;
				IPHONEOS_DEPLOYMENT_TARGET = 5.0;
				ONLY_ACTIVE_ARCH = YES;
				SDKROOT = iphoneos;
			};
			name = Debug;
		};
		FF9BF4E11743923E008A3147 /* Release */ = {
			isa = XCBuildConfiguration;
			buildSettings = {
				ALWAYS_SEARCH_USER_PATHS = NO;
				CLANG_CXX_LANGUAGE_STANDARD = "gnu++0x";
				CLANG_CXX_LIBRARY = "libc++";
				CLANG_ENABLE_OBJC_ARC = YES;
				CLANG_WARN_CONSTANT_CONVERSION = YES;
				CLANG_WARN_EMPTY_BODY = YES;
				CLANG_WARN_ENUM_CONVERSION = YES;
				CLANG_WARN_INT_CONVERSION = YES;
				CLANG_WARN__DUPLICATE_METHOD_MATCH = YES;
				"CODE_SIGN_IDENTITY[sdk=iphoneos*]" = "iPhone Developer";
				COPY_PHASE_STRIP = YES;
				GCC_C_LANGUAGE_STANDARD = gnu99;
				GCC_WARN_ABOUT_RETURN_TYPE = YES;
				GCC_WARN_UNINITIALIZED_AUTOS = YES;
				GCC_WARN_UNUSED_VARIABLE = YES;
				IPHONEOS_DEPLOYMENT_TARGET = 5.0;
				OTHER_CFLAGS = "-DNS_BLOCK_ASSERTIONS=1";
				SDKROOT = iphoneos;
				VALIDATE_PRODUCT = YES;
			};
			name = Release;
		};
		FF9BF4E31743923F008A3147 /* Debug */ = {
			isa = XCBuildConfiguration;
			buildSettings = {
				GCC_PRECOMPILE_PREFIX_HEADER = YES;
				GCC_PREFIX_HEADER = "APPNAME/SupportingFiles/APPNAME-Prefix.pch";
				INFOPLIST_FILE = "$(SRCROOT)/APPNAME/SupportingFiles/APPNAME-Info.plist";
				PRODUCT_NAME = APPNAME;
				WRAPPER_EXTENSION = app;
			};
			name = Debug;
		};
		FF9BF4E41743923F008A3147 /* Release */ = {
			isa = XCBuildConfiguration;
			buildSettings = {
				CODE_SIGN_IDENTITY = "iPhone Distribution";
				"CODE_SIGN_IDENTITY[sdk=iphoneos*]" = "iPhone Distribution";
				GCC_PRECOMPILE_PREFIX_HEADER = YES;
				GCC_PREFIX_HEADER = "APPNAME/SupportingFiles/APPNAME-Prefix.pch";
				INFOPLIST_FILE = "$(SRCROOT)/APPNAME/SupportingFiles/APPNAME-Info.plist";
				PRODUCT_NAME = APPNAME;
				PROVISIONING_PROFILE = "";
				"PROVISIONING_PROFILE[sdk=iphoneos*]" = "";
				WRAPPER_EXTENSION = app;
			};
			name = Release;
		};
		FF9BF4E61743923F008A3147 /* Debug */ = {
			isa = XCBuildConfiguration;
			buildSettings = {
				BUNDLE_LOADER = "$(BUILT_PRODUCTS_DIR)/APPNAME.app/APPNAME";
				FRAMEWORK_SEARCH_PATHS = (
					"\"$(SDKROOT)/Developer/Library/Frameworks\"",
					"\"$(DEVELOPER_LIBRARY_DIR)/Frameworks\"",
				);
				GCC_PRECOMPILE_PREFIX_HEADER = YES;
				GCC_PREFIX_HEADER = "APPNAME/SupportingFiles/APPNAME-Prefix.pch";
				INFOPLIST_FILE = "APPNAMETests/SupportingFiles/APPNAMETests-Info.plist";
				PRODUCT_NAME = APPNAMETests;
				TEST_HOST = "$(BUNDLE_LOADER)";
				WRAPPER_EXTENSION = octest;
			};
			name = Debug;
		};
		FF9BF4E71743923F008A3147 /* Release */ = {
			isa = XCBuildConfiguration;
			buildSettings = {
				BUNDLE_LOADER = "$(BUILT_PRODUCTS_DIR)/APPNAME.app/APPNAME";
				CODE_SIGN_IDENTITY = "iPhone Distribution";
				"CODE_SIGN_IDENTITY[sdk=iphoneos*]" = "iPhone Distribution";
				FRAMEWORK_SEARCH_PATHS = (
					"\"$(SDKROOT)/Developer/Library/Frameworks\"",
					"\"$(DEVELOPER_LIBRARY_DIR)/Frameworks\"",
				);
				GCC_PRECOMPILE_PREFIX_HEADER = YES;
				GCC_PREFIX_HEADER = "APPNAME/SupportingFiles/APPNAME-Prefix.pch";
				INFOPLIST_FILE = "APPNAMETests/SupportingFiles/APPNAMETests-Info.plist";
				PRODUCT_NAME = APPNAMETests;
				PROVISIONING_PROFILE = "";
				"PROVISIONING_PROFILE[sdk=iphoneos*]" = "";
				TEST_HOST = "$(BUNDLE_LOADER)";
				WRAPPER_EXTENSION = octest;
			};
			name = Release;
		};
/* End XCBuildConfiguration section */

/* Begin XCConfigurationList section */
		FF9BF4A51743923E008A3147 /* Build configuration list for PBXProject "APPNAME" */ = {
			isa = XCConfigurationList;
			buildConfigurations = (
				FF9BF4E01743923E008A3147 /* Debug */,
				FF9BF4E11743923E008A3147 /* Release */,
			);
			defaultConfigurationIsVisible = 0;
			defaultConfigurationName = Release;
		};
		FF9BF4E21743923F008A3147 /* Build configuration list for PBXNativeTarget "APPNAME" */ = {
			isa = XCConfigurationList;
			buildConfigurations = (
				FF9BF4E31743923F008A3147 /* Debug */,
				FF9BF4E41743923F008A3147 /* Release */,
			);
			defaultConfigurationIsVisible = 0;
			defaultConfigurationName = Release;
		};
		FF9BF4E51743923F008A3147 /* Build configuration list for PBXNativeTarget "APPNAMETests" */ = {
			isa = XCConfigurationList;
			buildConfigurations = (
				FF9BF4E61743923F008A3147 /* Debug */,
				FF9BF4E71743923F008A3147 /* Release */,
			);
			defaultConfigurationIsVisible = 0;
			defaultConfigurationName = Release;
		};
/* End XCConfigurationList section */
	};
	rootObject = FF9BF4A21743923E008A3147 /* Project object */;
}
